
Microsoft Visual Studio Solution File, Format Version 12.00
# Visual Studio 15
VisualStudioVersion = 15.0.27428.2027
MinimumVisualStudioVersion = 10.0.40219.1
Project("{FAE04EC0-301F-11D3-BF4B-00C04F79EFBC}") = "LilleØveProjekt", "LilleØveProjekt\LilleØveProjekt.csproj", "{4D7AAE34-187D-450A-9067-CDF4C0153506}"
EndProject
Project("{FAE04EC0-301F-11D3-BF4B-00C04F79EFBC}") = "LilleØveProjektTests", "LilleØveProjektTests\LilleØveProjektTests.csproj", "{0C80F62A-C5CC-42B4-9E22-765DD19809FF}"
EndProject
Global
	GlobalSection(SolutionConfigurationPlatforms) = preSolution
		Debug|Any CPU = Debug|Any CPU
		Release|Any CPU = Release|Any CPU
	EndGlobalSection
	GlobalSection(ProjectConfigurationPlatforms) = postSolution
		{4D7AAE34-187D-450A-9067-CDF4C0153506}.Debug|Any CPU.ActiveCfg = Debug|Any CPU
		{4D7AAE34-187D-450A-9067-CDF4C0153506}.Debug|Any CPU.Build.0 = Debug|Any CPU
		{4D7AAE34-187D-450A-9067-CDF4C0153506}.Release|Any CPU.ActiveCfg = Release|Any CPU
		{4D7AAE34-187D-450A-9067-CDF4C0153506}.Release|Any CPU.Build.0 = Release|Any CPU
		{0C80F62A-C5CC-42B4-9E22-765DD19809FF}.Debug|Any CPU.ActiveCfg = Debug|Any CPU
		{0C80F62A-C5CC-42B4-9E22-765DD19809FF}.Debug|Any CPU.Build.0 = Debug|Any CPU
		{0C80F62A-C5CC-42B4-9E22-765DD19809FF}.Release|Any CPU.ActiveCfg = Release|Any CPU
		{0C80F62A-C5CC-42B4-9E22-765DD19809FF}.Release|Any CPU.Build.0 = Release|Any CPU
	EndGlobalSection
	GlobalSection(SolutionProperties) = preSolution
		HideSolutionNode = FALSE
	EndGlobalSection
	GlobalSection(ExtensibilityGlobals) = postSolution
		SolutionGuid = {BEB3E8FD-FE5B-4D5E-80F8-BC875A5031D7}
	EndGlobalSection
EndGlobal
